<?xml version="1.0" encoding="utf-8"?>
<Project ToolsVersion="4.0" xmlns="http://schemas.microsoft.com/developer/msbuild/2003">
  <ItemGroup>
    <Filter Include="Source Files">
      <UniqueIdentifier>{4FC737F1-C7A5-4376-A066-2A32D752A2FF}</UniqueIdentifier>
      <Extensions>cpp;c;cc;cxx;def;odl;idl;hpj;bat;asm;asmx</Extensions>
    </Filter>
    <Filter Include="Header Files">
      <UniqueIdentifier>{93995380-89BD-4b04-88EB-625FBE52EBFB}</UniqueIdentifier>
      <Extensions>h;hpp;hxx;hm;inl;inc;xsd</Extensions>
    </Filter>
    <Filter Include="Resource Files">
      <UniqueIdentifier>{67DA6AB6-F800-4c08-8B7A-83BB121AAD01}</UniqueIdentifier>
      <Extensions>rc;ico;cur;bmp;dlg;rc2;rct;bin;rgs;gif;jpg;jpeg;jpe;resx;tiff;tif;png;wav</Extensions>
    </Filter>
  </ItemGroup>
  <ItemGroup>
    <ClCompile Include="AssemblyInfo.cpp">
      <Filter>Source Files</Filter>
    </ClCompile>
    <ClCompile Include="CubeSense.cpp">
      <Filter>Source Files</Filter>
    </ClCompile>
    <ClCompile Include="FrmFrames.cpp">
      <Filter>Source Files</Filter>
    </ClCompile>
    <ClCompile Include="FrmMain.cpp">
      <Filter>Source Files</Filter>
    </ClCompile>
    <ClCompile Include="FrmNew.cpp">
      <Filter>Source Files</Filter>
    </ClCompile>
    <ClCompile Include="FrmScriptOutput.cpp">
      <Filter>Source Files</Filter>
    </ClCompile>
    <ClCompile Include="FrmScriptSource.cpp">
      <Filter>Source Files</Filter>
    </ClCompile>
    <ClCompile Include="geometry.cpp">
      <Filter>Source Files</Filter>
    </ClCompile>
    <ClCompile Include="Handler.cpp">
      <Filter>Source Files</Filter>
    </ClCompile>
    <ClCompile Include="Lattice.cpp">
      <Filter>Source Files</Filter>
    </ClCompile>
    <ClCompile Include="Log.cpp">
      <Filter>Source Files</Filter>
    </ClCompile>
    <ClCompile Include="Opengl.cpp">
      <Filter>Source Files</Filter>
    </ClCompile>
    <ClCompile Include="Playback.cpp">
      <Filter>Source Files</Filter>
    </ClCompile>
    <ClCompile Include="Script.cpp">
      <Filter>Source Files</Filter>
    </ClCompile>
    <ClCompile Include="stdafx.cpp">
      <Filter>Source Files</Filter>
    </ClCompile>
    <ClCompile Include="threadAudio.cpp">
      <Filter>Source Files</Filter>
    </ClCompile>
    <ClCompile Include="ThreadCore.cpp">
      <Filter>Source Files</Filter>
    </ClCompile>
    <ClCompile Include="ThreadOpengl.cpp">
      <Filter>Source Files</Filter>
    </ClCompile>
    <ClCompile Include="Threads.cpp">
      <Filter>Source Files</Filter>
    </ClCompile>
    <ClCompile Include="ThreadUsb.cpp">
      <Filter>Source Files</Filter>
    </ClCompile>
    <ClCompile Include="Ui.cpp">
      <Filter>Source Files</Filter>
    </ClCompile>
    <ClCompile Include="Usb.cpp">
      <Filter>Source Files</Filter>
    </ClCompile>
    <ClCompile Include="WndProc.cpp">
      <Filter>Source Files</Filter>
    </ClCompile>
  </ItemGroup>
  <ItemGroup>
    <ClInclude Include="Directx.h">
      <Filter>Header Files</Filter>
    </ClInclude>
    <ClInclude Include="FrmFrames.h">
      <Filter>Header Files</Filter>
    </ClInclude>
    <ClInclude Include="FrmMain.h">
      <Filter>Header Files</Filter>
    </ClInclude>
    <ClInclude Include="FrmNew.h">
      <Filter>Header Files</Filter>
    </ClInclude>
    <ClInclude Include="FrmScriptOutput.h">
      <Filter>Header Files</Filter>
    </ClInclude>
    <ClInclude Include="FrmScriptSource.h">
      <Filter>Header Files</Filter>
    </ClInclude>
    <ClInclude Include="geometry.h">
      <Filter>Header Files</Filter>
    </ClInclude>
    <ClInclude Include="Handler.h">
      <Filter>Header Files</Filter>
    </ClInclude>
    <ClInclude Include="Ids.h">
      <Filter>Header Files</Filter>
    </ClInclude>
    <ClInclude Include="includeall.h">
      <Filter>Header Files</Filter>
    </ClInclude>
    <ClInclude Include="Lattice.h">
      <Filter>Header Files</Filter>
    </ClInclude>
    <ClInclude Include="Log.h">
      <Filter>Header Files</Filter>
    </ClInclude>
    <ClInclude Include="Opengl.h">
      <Filter>Header Files</Filter>
    </ClInclude>
    <ClInclude Include="Playback.h">
      <Filter>Header Files</Filter>
    </ClInclude>
    <ClInclude Include="resource.h">
      <Filter>Header Files</Filter>
    </ClInclude>
    <ClInclude Include="Script.h">
      <Filter>Header Files</Filter>
    </ClInclude>
    <ClInclude Include="stdafx.h">
      <Filter>Header Files</Filter>
    </ClInclude>
    <ClInclude Include="threadAudio.h">
      <Filter>Header Files</Filter>
    </ClInclude>
    <ClInclude Include="ThreadCore.h">
      <Filter>Header Files</Filter>
    </ClInclude>
    <ClInclude Include="ThreadOpengl.h">
      <Filter>Header Files</Filter>
    </ClInclude>
    <ClInclude Include="Threads.h">
      <Filter>Header Files</Filter>
    </ClInclude>
    <ClInclude Include="ThreadUsb.h">
      <Filter>Header Files</Filter>
    </ClInclude>
    <ClInclude Include="Ui.h">
      <Filter>Header Files</Filter>
    </ClInclude>
    <ClInclude Include="Usb.h">
      <Filter>Header Files</Filter>
    </ClInclude>
    <ClInclude Include="WndProc.h">
      <Filter>Header Files</Filter>
    </ClInclude>
  </ItemGroup>
  <ItemGroup>
    <None Include="app.ico">
      <Filter>Resource Files</Filter>
    </None>
    <None Include="icon1.ico">
      <Filter>Resource Files</Filter>
    </None>
    <None Include="icon3.ico">
      <Filter>Resource Files</Filter>
    </None>
    <None Include="iconMain.bmp">
      <Filter>Resource Files</Filter>
    </None>
    <None Include="iconMain.gif">
      <Filter>Resource Files</Filter>
    </None>
    <None Include="iconMain128.ico">
      <Filter>Resource Files</Filter>
    </None>
    <None Include="iconMain2.ico">
      <Filter>Resource Files</Filter>
    </None>
    <None Include="iconMain2_128.ico">
      <Filter>Resource Files</Filter>
    </None>
    <None Include="iconMain2_64.ico">
      <Filter>Resource Files</Filter>
    </None>
    <None Include="iconMain2_64_f.ico">
      <Filter>Resource Files</Filter>
    </None>
    <None Include="iconMain3.bmp">
      <Filter>Resource Files</Filter>
    </None>
    <None Include="iconMain3.ico">
      <Filter>Resource Files</Filter>
    </None>
    <None Include="iconMain32.ico">
      <Filter>Resource Files</Filter>
    </None>
    <None Include="iconMain4.ico">
      <Filter>Resource Files</Filter>
    </None>
    <None Include="iconMain64.ico">
      <Filter>Resource Files</Filter>
    </None>
    <None Include="ReadMe.txt" />
    <None Include="script_cs_1.txt" />
    <None Include="script_vb_1.txt" />
  </ItemGroup>
  <ItemGroup>
    <ResourceCompile Include="app.rc">
      <Filter>Resource Files</Filter>
    </ResourceCompile>
  </ItemGroup>
  <ItemGroup>
    <EmbeddedResource Include="FrmFrames.resx">
      <Filter>Resource Files</Filter>
    </EmbeddedResource>
    <EmbeddedResource Include="FrmMain.resx">
      <Filter>Resource Files</Filter>
    </EmbeddedResource>
    <EmbeddedResource Include="FrmNew.resx">
      <Filter>Resource Files</Filter>
    </EmbeddedResource>
    <EmbeddedResource Include="FrmScriptOutput.resx">
      <Filter>Resource Files</Filter>
    </EmbeddedResource>
    <EmbeddedResource Include="FrmScriptSource.resx">
      <Filter>Resource Files</Filter>
    </EmbeddedResource>
  </ItemGroup>
</Project>